
Microsoft Visual Studio Solution File, Format Version 12.00
# Visual Studio Version 17
VisualStudioVersion = 17.9.34714.143
MinimumVisualStudioVersion = 10.0.40219.1
Project("{9A19103F-16F7-4668-BE54-9A1E7A4F7556}") = "RendMyRide", "RendMyRide\RendMyRide.csproj", "{2AA4E0B9-B8D5-4B1D-A7BA-20FBB31BBE8B}"
EndProject
Project("{9A19103F-16F7-4668-BE54-9A1E7A4F7556}") = "RendMyRide.Domain", "RendMyRide.Domain\RendMyRide.Domain.csproj", "{245D1FEA-1ED1-4D91-952E-2516DFC94476}"
EndProject
Project("{9A19103F-16F7-4668-BE54-9A1E7A4F7556}") = "RendMyRide.DataAccess", "RendMyRide.DataAccess\RendMyRide.DataAccess.csproj", "{F076A99E-ABFA-45CB-884E-3AEE590D34F9}"
EndProject
Project("{FAE04EC0-301F-11D3-BF4B-00C04F79EFBC}") = "RendMyRide.Infrastructure", "RendMyRide.Infrastructure\RendMyRide.Infrastructure.csproj", "{CCC217F6-FB1A-4A5A-8BFD-F2DDE0B2979A}"
EndProject
Global
	GlobalSection(SolutionConfigurationPlatforms) = preSolution
		Debug|Any CPU = Debug|Any CPU
		Release|Any CPU = Release|Any CPU
	EndGlobalSection
	GlobalSection(ProjectConfigurationPlatforms) = postSolution
		{2AA4E0B9-B8D5-4B1D-A7BA-20FBB31BBE8B}.Debug|Any CPU.ActiveCfg = Debug|Any CPU
		{2AA4E0B9-B8D5-4B1D-A7BA-20FBB31BBE8B}.Debug|Any CPU.Build.0 = Debug|Any CPU
		{2AA4E0B9-B8D5-4B1D-A7BA-20FBB31BBE8B}.Release|Any CPU.ActiveCfg = Release|Any CPU
		{2AA4E0B9-B8D5-4B1D-A7BA-20FBB31BBE8B}.Release|Any CPU.Build.0 = Release|Any CPU
		{245D1FEA-1ED1-4D91-952E-2516DFC94476}.Debug|Any CPU.ActiveCfg = Debug|Any CPU
		{245D1FEA-1ED1-4D91-952E-2516DFC94476}.Debug|Any CPU.Build.0 = Debug|Any CPU
		{245D1FEA-1ED1-4D91-952E-2516DFC94476}.Release|Any CPU.ActiveCfg = Release|Any CPU
		{245D1FEA-1ED1-4D91-952E-2516DFC94476}.Release|Any CPU.Build.0 = Release|Any CPU
		{F076A99E-ABFA-45CB-884E-3AEE590D34F9}.Debug|Any CPU.ActiveCfg = Debug|Any CPU
		{F076A99E-ABFA-45CB-884E-3AEE590D34F9}.Debug|Any CPU.Build.0 = Debug|Any CPU
		{F076A99E-ABFA-45CB-884E-3AEE590D34F9}.Release|Any CPU.ActiveCfg = Release|Any CPU
		{F076A99E-ABFA-45CB-884E-3AEE590D34F9}.Release|Any CPU.Build.0 = Release|Any CPU
		{CCC217F6-FB1A-4A5A-8BFD-F2DDE0B2979A}.Debug|Any CPU.ActiveCfg = Debug|Any CPU
		{CCC217F6-FB1A-4A5A-8BFD-F2DDE0B2979A}.Debug|Any CPU.Build.0 = Debug|Any CPU
		{CCC217F6-FB1A-4A5A-8BFD-F2DDE0B2979A}.Release|Any CPU.ActiveCfg = Release|Any CPU
		{CCC217F6-FB1A-4A5A-8BFD-F2DDE0B2979A}.Release|Any CPU.Build.0 = Release|Any CPU
	EndGlobalSection
	GlobalSection(SolutionProperties) = preSolution
		HideSolutionNode = FALSE
	EndGlobalSection
	GlobalSection(ExtensibilityGlobals) = postSolution
		SolutionGuid = {BB8CCA06-9DB7-4B0E-9D73-B667A6436054}
	EndGlobalSection
EndGlobal
